
Microsoft Visual Studio Solution File, Format Version 12.00
# Visual Studio 2013
VisualStudioVersion = 12.0.21005.1
MinimumVisualStudioVersion = 10.0.40219.1
Project("{FAE04EC0-301F-11D3-BF4B-00C04F79EFBC}") = "ShoppingList", "ShoppingList\ShoppingList.csproj", "{481B8542-8B4C-47A2-A390-F2169393EF05}"
EndProject
Project("{FAE04EC0-301F-11D3-BF4B-00C04F79EFBC}") = "ShoppingList.Tests", "ShoppingList.Tests\ShoppingList.Tests.csproj", "{0C31336A-E0A3-43E7-89B0-0150003983E8}"
EndProject
Global
	GlobalSection(SolutionConfigurationPlatforms) = preSolution
		Debug|Any CPU = Debug|Any CPU
		Release|Any CPU = Release|Any CPU
	EndGlobalSection
	GlobalSection(ProjectConfigurationPlatforms) = postSolution
		{481B8542-8B4C-47A2-A390-F2169393EF05}.Debug|Any CPU.ActiveCfg = Debug|Any CPU
		{481B8542-8B4C-47A2-A390-F2169393EF05}.Debug|Any CPU.Build.0 = Debug|Any CPU
		{481B8542-8B4C-47A2-A390-F2169393EF05}.Release|Any CPU.ActiveCfg = Release|Any CPU
		{481B8542-8B4C-47A2-A390-F2169393EF05}.Release|Any CPU.Build.0 = Release|Any CPU
		{0C31336A-E0A3-43E7-89B0-0150003983E8}.Debug|Any CPU.ActiveCfg = Debug|Any CPU
		{0C31336A-E0A3-43E7-89B0-0150003983E8}.Debug|Any CPU.Build.0 = Debug|Any CPU
		{0C31336A-E0A3-43E7-89B0-0150003983E8}.Release|Any CPU.ActiveCfg = Release|Any CPU
		{0C31336A-E0A3-43E7-89B0-0150003983E8}.Release|Any CPU.Build.0 = Release|Any CPU
	EndGlobalSection
	GlobalSection(SolutionProperties) = preSolution
		HideSolutionNode = FALSE
	EndGlobalSection
EndGlobal
